// !$*UTF8*$!
{
	archiveVersion = 1;
	classes = {
	};
	objectVersion = 46;
	objects = {

/* Begin PBXBuildFile section */
		2D1BC99D1E5AA614000D5CB7 /* main.m in Sources */ = {isa = PBXBuildFile; fileRef = 2D1BC99C1E5AA614000D5CB7 /* main.m */; };
		2D1BC9A01E5AA614000D5CB7 /* AppDelegate.m in Sources */ = {isa = PBXBuildFile; fileRef = 2D1BC99F1E5AA614000D5CB7 /* AppDelegate.m */; };
		2D1BC9A61E5AA614000D5CB7 /* Main.storyboard in Resources */ = {isa = PBXBuildFile; fileRef = 2D1BC9A41E5AA614000D5CB7 /* Main.storyboard */; };
		2D1BC9A81E5AA614000D5CB7 /* Assets.xcassets in Resources */ = {isa = PBXBuildFile; fileRef = 2D1BC9A71E5AA614000D5CB7 /* Assets.xcassets */; };
		2D1BC9AB1E5AA614000D5CB7 /* LaunchScreen.storyboard in Resources */ = {isa = PBXBuildFile; fileRef = 2D1BC9A91E5AA614000D5CB7 /* LaunchScreen.storyboard */; };
		2D1BC9B61E5AA615000D5CB7 /* Mobile_ARTests.m in Sources */ = {isa = PBXBuildFile; fileRef = 2D1BC9B51E5AA615000D5CB7 /* Mobile_ARTests.m */; };
		2D1BC9C11E5AA615000D5CB7 /* Mobile_ARUITests.m in Sources */ = {isa = PBXBuildFile; fileRef = 2D1BC9C01E5AA615000D5CB7 /* Mobile_ARUITests.m */; };
		2D249B381E5AA77600FA012F /* AssetsLibrary.framework in Frameworks */ = {isa = PBXBuildFile; fileRef = 2D249B371E5AA77600FA012F /* AssetsLibrary.framework */; };
		2D249B3A1E5AA77D00FA012F /* OpenGLES.framework in Frameworks */ = {isa = PBXBuildFile; fileRef = 2D249B391E5AA77D00FA012F /* OpenGLES.framework */; };
		2D249B3C1E5AA78400FA012F /* QuartzCore.framework in Frameworks */ = {isa = PBXBuildFile; fileRef = 2D249B3B1E5AA78400FA012F /* QuartzCore.framework */; };
		2D249B3E1E5AA79400FA012F /* opencv2.framework in Frameworks */ = {isa = PBXBuildFile; fileRef = 2D249B3D1E5AA79400FA012F /* opencv2.framework */; };
		2D249B3F1E5AA7A800FA012F /* opencv2.framework in Frameworks */ = {isa = PBXBuildFile; fileRef = 2D249B3D1E5AA79400FA012F /* opencv2.framework */; };
		2D249B401E5AA7B300FA012F /* opencv2.framework in Frameworks */ = {isa = PBXBuildFile; fileRef = 2D249B3D1E5AA79400FA012F /* opencv2.framework */; };
		2D249B5F1E5AA88500FA012F /* CC3Foundation.m in Sources */ = {isa = PBXBuildFile; fileRef = 2D249B461E5AA88500FA012F /* CC3Foundation.m */; settings = {COMPILER_FLAGS = "-fno-objc-arc"; }; };
		2D249B601E5AA88500FA012F /* CC3Foundation.m in Sources */ = {isa = PBXBuildFile; fileRef = 2D249B461E5AA88500FA012F /* CC3Foundation.m */; };
		2D249B611E5AA88500FA012F /* CC3Foundation.m in Sources */ = {isa = PBXBuildFile; fileRef = 2D249B461E5AA88500FA012F /* CC3Foundation.m */; };
		2D249B621E5AA88500FA012F /* CC3GLMatrix.m in Sources */ = {isa = PBXBuildFile; fileRef = 2D249B481E5AA88500FA012F /* CC3GLMatrix.m */; settings = {COMPILER_FLAGS = "-fno-objc-arc"; }; };
		2D249B631E5AA88500FA012F /* CC3GLMatrix.m in Sources */ = {isa = PBXBuildFile; fileRef = 2D249B481E5AA88500FA012F /* CC3GLMatrix.m */; };
		2D249B641E5AA88500FA012F /* CC3GLMatrix.m in Sources */ = {isa = PBXBuildFile; fileRef = 2D249B481E5AA88500FA012F /* CC3GLMatrix.m */; };
		2D249B651E5AA88500FA012F /* CC3Kazmath.c in Sources */ = {isa = PBXBuildFile; fileRef = 2D249B491E5AA88500FA012F /* CC3Kazmath.c */; settings = {COMPILER_FLAGS = "-fno-objc-arc"; }; };
		2D249B661E5AA88500FA012F /* CC3Kazmath.c in Sources */ = {isa = PBXBuildFile; fileRef = 2D249B491E5AA88500FA012F /* CC3Kazmath.c */; };
		2D249B671E5AA88500FA012F /* CC3Kazmath.c in Sources */ = {isa = PBXBuildFile; fileRef = 2D249B491E5AA88500FA012F /* CC3Kazmath.c */; };
		2D249B681E5AA88500FA012F /* CC3Math.m in Sources */ = {isa = PBXBuildFile; fileRef = 2D249B4D1E5AA88500FA012F /* CC3Math.m */; settings = {COMPILER_FLAGS = "-fno-objc-arc"; }; };
		2D249B691E5AA88500FA012F /* CC3Math.m in Sources */ = {isa = PBXBuildFile; fileRef = 2D249B4D1E5AA88500FA012F /* CC3Math.m */; };
		2D249B6A1E5AA88500FA012F /* CC3Math.m in Sources */ = {isa = PBXBuildFile; fileRef = 2D249B4D1E5AA88500FA012F /* CC3Math.m */; };
		2D249B6B1E5AA88500FA012F /* SimpleFragment.glsl in Resources */ = {isa = PBXBuildFile; fileRef = 2D249B501E5AA88500FA012F /* SimpleFragment.glsl */; };
		2D249B6C1E5AA88500FA012F /* SimpleFragment.glsl in Resources */ = {isa = PBXBuildFile; fileRef = 2D249B501E5AA88500FA012F /* SimpleFragment.glsl */; };
		2D249B6D1E5AA88500FA012F /* SimpleFragment.glsl in Resources */ = {isa = PBXBuildFile; fileRef = 2D249B501E5AA88500FA012F /* SimpleFragment.glsl */; };
		2D249B6E1E5AA88500FA012F /* SimpleVertex.glsl in Resources */ = {isa = PBXBuildFile; fileRef = 2D249B511E5AA88500FA012F /* SimpleVertex.glsl */; };
		2D249B6F1E5AA88500FA012F /* SimpleVertex.glsl in Resources */ = {isa = PBXBuildFile; fileRef = 2D249B511E5AA88500FA012F /* SimpleVertex.glsl */; };
		2D249B701E5AA88500FA012F /* SimpleVertex.glsl in Resources */ = {isa = PBXBuildFile; fileRef = 2D249B511E5AA88500FA012F /* SimpleVertex.glsl */; };
		2D249B711E5AA88500FA012F /* CameraViewController.mm in Sources */ = {isa = PBXBuildFile; fileRef = 2D249B581E5AA88500FA012F /* CameraViewController.mm */; };
		2D249B721E5AA88500FA012F /* CameraViewController.mm in Sources */ = {isa = PBXBuildFile; fileRef = 2D249B581E5AA88500FA012F /* CameraViewController.mm */; };
		2D249B731E5AA88500FA012F /* CameraViewController.mm in Sources */ = {isa = PBXBuildFile; fileRef = 2D249B581E5AA88500FA012F /* CameraViewController.mm */; };
		2D249B741E5AA88500FA012F /* CaptureViewController.swift in Sources */ = {isa = PBXBuildFile; fileRef = 2D249B591E5AA88500FA012F /* CaptureViewController.swift */; };
		2D249B751E5AA88500FA012F /* CaptureViewController.swift in Sources */ = {isa = PBXBuildFile; fileRef = 2D249B591E5AA88500FA012F /* CaptureViewController.swift */; };
		2D249B761E5AA88500FA012F /* CaptureViewController.swift in Sources */ = {isa = PBXBuildFile; fileRef = 2D249B591E5AA88500FA012F /* CaptureViewController.swift */; };
		2D249B7A1E5AA88500FA012F /* BoxView.m in Sources */ = {isa = PBXBuildFile; fileRef = 2D249B5E1E5AA88500FA012F /* BoxView.m */; };
		2D249B7B1E5AA88500FA012F /* BoxView.m in Sources */ = {isa = PBXBuildFile; fileRef = 2D249B5E1E5AA88500FA012F /* BoxView.m */; };
		2D249B7C1E5AA88500FA012F /* BoxView.m in Sources */ = {isa = PBXBuildFile; fileRef = 2D249B5E1E5AA88500FA012F /* BoxView.m */; };
		2DC9F7B11E5AB3110076F562 /* CGPoint_Extensions.h in Resources */ = {isa = PBXBuildFile; fileRef = 2DC9F7B01E5AB3110076F562 /* CGPoint_Extensions.h */; };
		2DC9F7B21E5AB3110076F562 /* CGPoint_Extensions.h in Resources */ = {isa = PBXBuildFile; fileRef = 2DC9F7B01E5AB3110076F562 /* CGPoint_Extensions.h */; };
		2DC9F7B31E5AB3110076F562 /* CGPoint_Extensions.h in Resources */ = {isa = PBXBuildFile; fileRef = 2DC9F7B01E5AB3110076F562 /* CGPoint_Extensions.h */; };
		7935C33ADB07255AA73AF8B8 /* Pods_Mobile_ARTests.framework in Frameworks */ = {isa = PBXBuildFile; fileRef = 324104D757D546EA5253FAB3 /* Pods_Mobile_ARTests.framework */; };
		8AF91C376DBFB5676D61F88D /* Pods_Mobile_ARUITests.framework in Frameworks */ = {isa = PBXBuildFile; fileRef = A81661E07B26EA5835D15A6F /* Pods_Mobile_ARUITests.framework */; };
		F2862A5A91EA805E630E461C /* Pods_Mobile_AR.framework in Frameworks */ = {isa = PBXBuildFile; fileRef = ABC1983C85BBCDDA6376428D /* Pods_Mobile_AR.framework */; };
/* End PBXBuildFile section */

/* Begin PBXContainerItemProxy section */
		2D1BC9B21E5AA615000D5CB7 /* PBXContainerItemProxy */ = {
			isa = PBXContainerItemProxy;
			containerPortal = 2D1BC9901E5AA614000D5CB7 /* Project object */;
			proxyType = 1;
			remoteGlobalIDString = 2D1BC9971E5AA614000D5CB7;
			remoteInfo = "Mobile AR";
		};
		2D1BC9BD1E5AA615000D5CB7 /* PBXContainerItemProxy */ = {
			isa = PBXContainerItemProxy;
			containerPortal = 2D1BC9901E5AA614000D5CB7 /* Project object */;
			proxyType = 1;
			remoteGlobalIDString = 2D1BC9971E5AA614000D5CB7;
			remoteInfo = "Mobile AR";
		};
/* End PBXContainerItemProxy section */

/* Begin PBXFileReference section */
		29CEF9386A2074B6CE0F4A55 /* Pods-Mobile ARTests.release.xcconfig */ = {isa = PBXFileReference; includeInIndex = 1; lastKnownFileType = text.xcconfig; name = "Pods-Mobile ARTests.release.xcconfig"; path = "Pods/Target Support Files/Pods-Mobile ARTests/Pods-Mobile ARTests.release.xcconfig"; sourceTree = "<group>"; };
		2D1BC9981E5AA614000D5CB7 /* Mobile AR.app */ = {isa = PBXFileReference; explicitFileType = wrapper.application; includeInIndex = 0; path = "Mobile AR.app"; sourceTree = BUILT_PRODUCTS_DIR; };
		2D1BC99C1E5AA614000D5CB7 /* main.m */ = {isa = PBXFileReference; lastKnownFileType = sourcecode.c.objc; path = main.m; sourceTree = "<group>"; };
		2D1BC99E1E5AA614000D5CB7 /* AppDelegate.h */ = {isa = PBXFileReference; lastKnownFileType = sourcecode.c.h; path = AppDelegate.h; sourceTree = "<group>"; };
		2D1BC99F1E5AA614000D5CB7 /* AppDelegate.m */ = {isa = PBXFileReference; lastKnownFileType = sourcecode.c.objc; path = AppDelegate.m; sourceTree = "<group>"; };
		2D1BC9A51E5AA614000D5CB7 /* Base */ = {isa = PBXFileReference; lastKnownFileType = file.storyboard; name = Base; path = Base.lproj/Main.storyboard; sourceTree = "<group>"; };
		2D1BC9A71E5AA614000D5CB7 /* Assets.xcassets */ = {isa = PBXFileReference; lastKnownFileType = folder.assetcatalog; path = Assets.xcassets; sourceTree = "<group>"; };
		2D1BC9AA1E5AA614000D5CB7 /* Base */ = {isa = PBXFileReference; lastKnownFileType = file.storyboard; name = Base; path = Base.lproj/LaunchScreen.storyboard; sourceTree = "<group>"; };
		2D1BC9AC1E5AA614000D5CB7 /* Info.plist */ = {isa = PBXFileReference; lastKnownFileType = text.plist.xml; path = Info.plist; sourceTree = "<group>"; };
		2D1BC9B11E5AA615000D5CB7 /* Mobile ARTests.xctest */ = {isa = PBXFileReference; explicitFileType = wrapper.cfbundle; includeInIndex = 0; path = "Mobile ARTests.xctest"; sourceTree = BUILT_PRODUCTS_DIR; };
		2D1BC9B51E5AA615000D5CB7 /* Mobile_ARTests.m */ = {isa = PBXFileReference; lastKnownFileType = sourcecode.c.objc; path = Mobile_ARTests.m; sourceTree = "<group>"; };
		2D1BC9B71E5AA615000D5CB7 /* Info.plist */ = {isa = PBXFileReference; lastKnownFileType = text.plist.xml; path = Info.plist; sourceTree = "<group>"; };
		2D1BC9BC1E5AA615000D5CB7 /* Mobile ARUITests.xctest */ = {isa = PBXFileReference; explicitFileType = wrapper.cfbundle; includeInIndex = 0; path = "Mobile ARUITests.xctest"; sourceTree = BUILT_PRODUCTS_DIR; };
		2D1BC9C01E5AA615000D5CB7 /* Mobile_ARUITests.m */ = {isa = PBXFileReference; lastKnownFileType = sourcecode.c.objc; path = Mobile_ARUITests.m; sourceTree = "<group>"; };
		2D1BC9C21E5AA615000D5CB7 /* Info.plist */ = {isa = PBXFileReference; lastKnownFileType = text.plist.xml; path = Info.plist; sourceTree = "<group>"; };
		2D249B371E5AA77600FA012F /* AssetsLibrary.framework */ = {isa = PBXFileReference; lastKnownFileType = wrapper.framework; name = AssetsLibrary.framework; path = System/Library/Frameworks/AssetsLibrary.framework; sourceTree = SDKROOT; };
		2D249B391E5AA77D00FA012F /* OpenGLES.framework */ = {isa = PBXFileReference; lastKnownFileType = wrapper.framework; name = OpenGLES.framework; path = System/Library/Frameworks/OpenGLES.framework; sourceTree = SDKROOT; };
		2D249B3B1E5AA78400FA012F /* QuartzCore.framework */ = {isa = PBXFileReference; lastKnownFileType = wrapper.framework; name = QuartzCore.framework; path = System/Library/Frameworks/QuartzCore.framework; sourceTree = SDKROOT; };
		2D249B3D1E5AA79400FA012F /* opencv2.framework */ = {isa = PBXFileReference; lastKnownFileType = wrapper.framework; path = opencv2.framework; sourceTree = "<group>"; };
		2D249B421E5AA88500FA012F /* Structures.h */ = {isa = PBXFileReference; fileEncoding = 4; lastKnownFileType = sourcecode.c.h; path = Structures.h; sourceTree = "<group>"; };
		2D249B451E5AA88500FA012F /* CC3Foundation.h */ = {isa = PBXFileReference; fileEncoding = 4; lastKnownFileType = sourcecode.c.h; path = CC3Foundation.h; sourceTree = "<group>"; };
		2D249B461E5AA88500FA012F /* CC3Foundation.m */ = {isa = PBXFileReference; fileEncoding = 4; lastKnownFileType = sourcecode.c.objc; path = CC3Foundation.m; sourceTree = "<group>"; };
		2D249B471E5AA88500FA012F /* CC3GLMatrix.h */ = {isa = PBXFileReference; fileEncoding = 4; lastKnownFileType = sourcecode.c.h; path = CC3GLMatrix.h; sourceTree = "<group>"; };
		2D249B481E5AA88500FA012F /* CC3GLMatrix.m */ = {isa = PBXFileReference; fileEncoding = 4; lastKnownFileType = sourcecode.c.objc; path = CC3GLMatrix.m; sourceTree = "<group>"; };
		2D249B491E5AA88500FA012F /* CC3Kazmath.c */ = {isa = PBXFileReference; fileEncoding = 4; lastKnownFileType = sourcecode.c.c; path = CC3Kazmath.c; sourceTree = "<group>"; };
		2D249B4A1E5AA88500FA012F /* CC3Kazmath.h */ = {isa = PBXFileReference; fileEncoding = 4; lastKnownFileType = sourcecode.c.h; path = CC3Kazmath.h; sourceTree = "<group>"; };
		2D249B4B1E5AA88500FA012F /* CC3Logging.h */ = {isa = PBXFileReference; fileEncoding = 4; lastKnownFileType = sourcecode.c.h; path = CC3Logging.h; sourceTree = "<group>"; };
		2D249B4C1E5AA88500FA012F /* CC3Math.h */ = {isa = PBXFileReference; fileEncoding = 4; lastKnownFileType = sourcecode.c.h; path = CC3Math.h; sourceTree = "<group>"; };
		2D249B4D1E5AA88500FA012F /* CC3Math.m */ = {isa = PBXFileReference; fileEncoding = 4; lastKnownFileType = sourcecode.c.objc; path = CC3Math.m; sourceTree = "<group>"; };
		2D249B4E1E5AA88500FA012F /* ccTypes.h */ = {isa = PBXFileReference; fileEncoding = 4; lastKnownFileType = sourcecode.c.h; path = ccTypes.h; sourceTree = "<group>"; };
		2D249B501E5AA88500FA012F /* SimpleFragment.glsl */ = {isa = PBXFileReference; fileEncoding = 4; lastKnownFileType = text; path = SimpleFragment.glsl; sourceTree = "<group>"; };
		2D249B511E5AA88500FA012F /* SimpleVertex.glsl */ = {isa = PBXFileReference; fileEncoding = 4; lastKnownFileType = text; path = SimpleVertex.glsl; sourceTree = "<group>"; };
		2D249B571E5AA88500FA012F /* CameraViewController.h */ = {isa = PBXFileReference; fileEncoding = 4; lastKnownFileType = sourcecode.c.h; path = CameraViewController.h; sourceTree = "<group>"; };
		2D249B581E5AA88500FA012F /* CameraViewController.mm */ = {isa = PBXFileReference; fileEncoding = 4; lastKnownFileType = sourcecode.cpp.objcpp; path = CameraViewController.mm; sourceTree = "<group>"; };
		2D249B591E5AA88500FA012F /* CaptureViewController.swift */ = {isa = PBXFileReference; fileEncoding = 4; lastKnownFileType = sourcecode.swift; path = CaptureViewController.swift; sourceTree = "<group>"; };
		2D249B5D1E5AA88500FA012F /* BoxView.h */ = {isa = PBXFileReference; fileEncoding = 4; lastKnownFileType = sourcecode.c.h; path = BoxView.h; sourceTree = "<group>"; };
		2D249B5E1E5AA88500FA012F /* BoxView.m */ = {isa = PBXFileReference; fileEncoding = 4; lastKnownFileType = sourcecode.c.objc; path = BoxView.m; sourceTree = "<group>"; };
		2DC9F7B01E5AB3110076F562 /* CGPoint_Extensions.h */ = {isa = PBXFileReference; fileEncoding = 4; lastKnownFileType = sourcecode.c.h; path = CGPoint_Extensions.h; sourceTree = "<group>"; };
		30F068E12F312BB53E129EBA /* Pods-Mobile AR.debug.xcconfig */ = {isa = PBXFileReference; includeInIndex = 1; lastKnownFileType = text.xcconfig; name = "Pods-Mobile AR.debug.xcconfig"; path = "Pods/Target Support Files/Pods-Mobile AR/Pods-Mobile AR.debug.xcconfig"; sourceTree = "<group>"; };
		324104D757D546EA5253FAB3 /* Pods_Mobile_ARTests.framework */ = {isa = PBXFileReference; explicitFileType = wrapper.framework; includeInIndex = 0; path = Pods_Mobile_ARTests.framework; sourceTree = BUILT_PRODUCTS_DIR; };
		A81661E07B26EA5835D15A6F /* Pods_Mobile_ARUITests.framework */ = {isa = PBXFileReference; explicitFileType = wrapper.framework; includeInIndex = 0; path = Pods_Mobile_ARUITests.framework; sourceTree = BUILT_PRODUCTS_DIR; };
		ABC1983C85BBCDDA6376428D /* Pods_Mobile_AR.framework */ = {isa = PBXFileReference; explicitFileType = wrapper.framework; includeInIndex = 0; path = Pods_Mobile_AR.framework; sourceTree = BUILT_PRODUCTS_DIR; };
		B20B0EFB42ECD24B0B682BE2 /* Pods-Mobile ARUITests.release.xcconfig */ = {isa = PBXFileReference; includeInIndex = 1; lastKnownFileType = text.xcconfig; name = "Pods-Mobile ARUITests.release.xcconfig"; path = "Pods/Target Support Files/Pods-Mobile ARUITests/Pods-Mobile ARUITests.release.xcconfig"; sourceTree = "<group>"; };
		C5983C2C0F22FC3D71D47FA6 /* Pods-Mobile ARTests.debug.xcconfig */ = {isa = PBXFileReference; includeInIndex = 1; lastKnownFileType = text.xcconfig; name = "Pods-Mobile ARTests.debug.xcconfig"; path = "Pods/Target Support Files/Pods-Mobile ARTests/Pods-Mobile ARTests.debug.xcconfig"; sourceTree = "<group>"; };
		DDFD10904B8BE0099BB70C58 /* Pods-Mobile ARUITests.debug.xcconfig */ = {isa = PBXFileReference; includeInIndex = 1; lastKnownFileType = text.xcconfig; name = "Pods-Mobile ARUITests.debug.xcconfig"; path = "Pods/Target Support Files/Pods-Mobile ARUITests/Pods-Mobile ARUITests.debug.xcconfig"; sourceTree = "<group>"; };
		EBF64208BF72C5639C48046C /* Pods-Mobile AR.release.xcconfig */ = {isa = PBXFileReference; includeInIndex = 1; lastKnownFileType = text.xcconfig; name = "Pods-Mobile AR.release.xcconfig"; path = "Pods/Target Support Files/Pods-Mobile AR/Pods-Mobile AR.release.xcconfig"; sourceTree = "<group>"; };
/* End PBXFileReference section */

/* Begin PBXFrameworksBuildPhase section */
		2D1BC9951E5AA614000D5CB7 /* Frameworks */ = {
			isa = PBXFrameworksBuildPhase;
			buildActionMask = 2147483647;
			files = (
				2D249B381E5AA77600FA012F /* AssetsLibrary.framework in Frameworks */,
				2D249B3E1E5AA79400FA012F /* opencv2.framework in Frameworks */,
				2D249B3A1E5AA77D00FA012F /* OpenGLES.framework in Frameworks */,
				F2862A5A91EA805E630E461C /* Pods_Mobile_AR.framework in Frameworks */,
				2D249B3C1E5AA78400FA012F /* QuartzCore.framework in Frameworks */,
			);
			runOnlyForDeploymentPostprocessing = 0;
		};
		2D1BC9AE1E5AA615000D5CB7 /* Frameworks */ = {
			isa = PBXFrameworksBuildPhase;
			buildActionMask = 2147483647;
			files = (
				2D249B3F1E5AA7A800FA012F /* opencv2.framework in Frameworks */,
				7935C33ADB07255AA73AF8B8 /* Pods_Mobile_ARTests.framework in Frameworks */,
			);
			runOnlyForDeploymentPostprocessing = 0;
		};
		2D1BC9B91E5AA615000D5CB7 /* Frameworks */ = {
			isa = PBXFrameworksBuildPhase;
			buildActionMask = 2147483647;
			files = (
				2D249B401E5AA7B300FA012F /* opencv2.framework in Frameworks */,
				8AF91C376DBFB5676D61F88D /* Pods_Mobile_ARUITests.framework in Frameworks */,
			);
			runOnlyForDeploymentPostprocessing = 0;
		};
/* End PBXFrameworksBuildPhase section */

/* Begin PBXGroup section */
		2D1BC98F1E5AA614000D5CB7 = {
			isa = PBXGroup;
			children = (
				2D1BC99A1E5AA614000D5CB7 /* Mobile AR */,
				2D1BC9B41E5AA615000D5CB7 /* Mobile ARTests */,
				2D1BC9BF1E5AA615000D5CB7 /* Mobile ARUITests */,
				2D1BC9991E5AA614000D5CB7 /* Products */,
				A0EE8A6477B575231061552B /* Pods */,
				BADD3066F36D5FE4C688401D /* Frameworks */,
			);
			sourceTree = "<group>";
		};
		2D1BC9991E5AA614000D5CB7 /* Products */ = {
			isa = PBXGroup;
			children = (
				2D1BC9981E5AA614000D5CB7 /* Mobile AR.app */,
				2D1BC9B11E5AA615000D5CB7 /* Mobile ARTests.xctest */,
				2D1BC9BC1E5AA615000D5CB7 /* Mobile ARUITests.xctest */,
			);
			name = Products;
			sourceTree = "<group>";
		};
		2D1BC99A1E5AA614000D5CB7 /* Mobile AR */ = {
			isa = PBXGroup;
			children = (
				2D249B411E5AA88500FA012F /* Data Models */,
				2D249B431E5AA88500FA012F /* Libraries */,
				2D249B4F1E5AA88500FA012F /* Shaders */,
				2D249B521E5AA88500FA012F /* Tracker */,
				2D249B561E5AA88500FA012F /* View Controllers */,
				2D249B5C1E5AA88500FA012F /* Views */,
				2D1BC99E1E5AA614000D5CB7 /* AppDelegate.h */,
				2D1BC99F1E5AA614000D5CB7 /* AppDelegate.m */,
				2D1BC9A41E5AA614000D5CB7 /* Main.storyboard */,
				2D1BC9A71E5AA614000D5CB7 /* Assets.xcassets */,
				2D1BC9A91E5AA614000D5CB7 /* LaunchScreen.storyboard */,
				2D1BC9AC1E5AA614000D5CB7 /* Info.plist */,
				2D1BC99B1E5AA614000D5CB7 /* Supporting Files */,
			);
			path = "Mobile AR";
			sourceTree = "<group>";
		};
		2D1BC99B1E5AA614000D5CB7 /* Supporting Files */ = {
			isa = PBXGroup;
			children = (
				2D1BC99C1E5AA614000D5CB7 /* main.m */,
			);
			name = "Supporting Files";
			sourceTree = "<group>";
		};
		2D1BC9B41E5AA615000D5CB7 /* Mobile ARTests */ = {
			isa = PBXGroup;
			children = (
				2D1BC9B51E5AA615000D5CB7 /* Mobile_ARTests.m */,
				2D1BC9B71E5AA615000D5CB7 /* Info.plist */,
			);
			path = "Mobile ARTests";
			sourceTree = "<group>";
		};
		2D1BC9BF1E5AA615000D5CB7 /* Mobile ARUITests */ = {
			isa = PBXGroup;
			children = (
				2D1BC9C01E5AA615000D5CB7 /* Mobile_ARUITests.m */,
				2D1BC9C21E5AA615000D5CB7 /* Info.plist */,
			);
			path = "Mobile ARUITests";
			sourceTree = "<group>";
		};
		2D249B411E5AA88500FA012F /* Data Models */ = {
			isa = PBXGroup;
			children = (
				2D249B421E5AA88500FA012F /* Structures.h */,
				2DC9F7B01E5AB3110076F562 /* CGPoint_Extensions.h */,
			);
			path = "Data Models";
			sourceTree = "<group>";
		};
		2D249B431E5AA88500FA012F /* Libraries */ = {
			isa = PBXGroup;
			children = (
				2D249B441E5AA88500FA012F /* Cocos3DMathLib */,
			);
			path = Libraries;
			sourceTree = "<group>";
		};
		2D249B441E5AA88500FA012F /* Cocos3DMathLib */ = {
			isa = PBXGroup;
			children = (
				2D249B451E5AA88500FA012F /* CC3Foundation.h */,
				2D249B461E5AA88500FA012F /* CC3Foundation.m */,
				2D249B471E5AA88500FA012F /* CC3GLMatrix.h */,
				2D249B481E5AA88500FA012F /* CC3GLMatrix.m */,
				2D249B491E5AA88500FA012F /* CC3Kazmath.c */,
				2D249B4A1E5AA88500FA012F /* CC3Kazmath.h */,
				2D249B4B1E5AA88500FA012F /* CC3Logging.h */,
				2D249B4C1E5AA88500FA012F /* CC3Math.h */,
				2D249B4D1E5AA88500FA012F /* CC3Math.m */,
				2D249B4E1E5AA88500FA012F /* ccTypes.h */,
			);
			path = Cocos3DMathLib;
			sourceTree = "<group>";
		};
		2D249B4F1E5AA88500FA012F /* Shaders */ = {
			isa = PBXGroup;
			children = (
				2D249B501E5AA88500FA012F /* SimpleFragment.glsl */,
				2D249B511E5AA88500FA012F /* SimpleVertex.glsl */,
			);
			path = Shaders;
			sourceTree = "<group>";
		};
		2D249B521E5AA88500FA012F /* Tracker */ = {
			isa = PBXGroup;
			children = (
				2D249B531E5AA88500FA012F /* 3rdparty */,
				2D249B541E5AA88500FA012F /* Debug */,
			);
			path = Tracker;
			sourceTree = "<group>";
		};
		2D249B531E5AA88500FA012F /* 3rdparty */ = {
			isa = PBXGroup;
			children = (
			);
			path = 3rdparty;
			sourceTree = "<group>";
		};
		2D249B541E5AA88500FA012F /* Debug */ = {
			isa = PBXGroup;
			children = (
				2D249B551E5AA88500FA012F /* tracker.tlog */,
			);
			path = Debug;
			sourceTree = "<group>";
		};
		2D249B551E5AA88500FA012F /* tracker.tlog */ = {
			isa = PBXGroup;
			children = (
			);
			path = tracker.tlog;
			sourceTree = "<group>";
		};
		2D249B561E5AA88500FA012F /* View Controllers */ = {
			isa = PBXGroup;
			children = (
				2D249B571E5AA88500FA012F /* CameraViewController.h */,
				2D249B581E5AA88500FA012F /* CameraViewController.mm */,
				2D249B591E5AA88500FA012F /* CaptureViewController.swift */,
			);
			path = "View Controllers";
			sourceTree = "<group>";
		};
		2D249B5C1E5AA88500FA012F /* Views */ = {
			isa = PBXGroup;
			children = (
				2D249B5D1E5AA88500FA012F /* BoxView.h */,
				2D249B5E1E5AA88500FA012F /* BoxView.m */,
			);
			path = Views;
			sourceTree = "<group>";
		};
		A0EE8A6477B575231061552B /* Pods */ = {
			isa = PBXGroup;
			children = (
				30F068E12F312BB53E129EBA /* Pods-Mobile AR.debug.xcconfig */,
				EBF64208BF72C5639C48046C /* Pods-Mobile AR.release.xcconfig */,
				C5983C2C0F22FC3D71D47FA6 /* Pods-Mobile ARTests.debug.xcconfig */,
				29CEF9386A2074B6CE0F4A55 /* Pods-Mobile ARTests.release.xcconfig */,
				DDFD10904B8BE0099BB70C58 /* Pods-Mobile ARUITests.debug.xcconfig */,
				B20B0EFB42ECD24B0B682BE2 /* Pods-Mobile ARUITests.release.xcconfig */,
			);
			name = Pods;
			sourceTree = "<group>";
		};
		BADD3066F36D5FE4C688401D /* Frameworks */ = {
			isa = PBXGroup;
			children = (
				2D249B3D1E5AA79400FA012F /* opencv2.framework */,
				2D249B3B1E5AA78400FA012F /* QuartzCore.framework */,
				2D249B391E5AA77D00FA012F /* OpenGLES.framework */,
				2D249B371E5AA77600FA012F /* AssetsLibrary.framework */,
				ABC1983C85BBCDDA6376428D /* Pods_Mobile_AR.framework */,
				324104D757D546EA5253FAB3 /* Pods_Mobile_ARTests.framework */,
				A81661E07B26EA5835D15A6F /* Pods_Mobile_ARUITests.framework */,
			);
			name = Frameworks;
			sourceTree = "<group>";
		};
/* End PBXGroup section */

/* Begin PBXNativeTarget section */
		2D1BC9971E5AA614000D5CB7 /* Mobile AR */ = {
			isa = PBXNativeTarget;
			buildConfigurationList = 2D1BC9C51E5AA615000D5CB7 /* Build configuration list for PBXNativeTarget "Mobile AR" */;
			buildPhases = (
				82235705AECDC1AA46111687 /* [CP] Check Pods Manifest.lock */,
				2D1BC9941E5AA614000D5CB7 /* Sources */,
				2D1BC9951E5AA614000D5CB7 /* Frameworks */,
				2D1BC9961E5AA614000D5CB7 /* Resources */,
				4D2A12CD8F2029FBFB37F3AC /* [CP] Embed Pods Frameworks */,
				6C3E2B808A02A353F2729661 /* [CP] Copy Pods Resources */,
			);
			buildRules = (
			);
			dependencies = (
			);
			name = "Mobile AR";
			productName = "Mobile AR";
			productReference = 2D1BC9981E5AA614000D5CB7 /* Mobile AR.app */;
			productType = "com.apple.product-type.application";
		};
		2D1BC9B01E5AA615000D5CB7 /* Mobile ARTests */ = {
			isa = PBXNativeTarget;
			buildConfigurationList = 2D1BC9C81E5AA615000D5CB7 /* Build configuration list for PBXNativeTarget "Mobile ARTests" */;
			buildPhases = (
				9AA6887FD33CEECADE591E71 /* [CP] Check Pods Manifest.lock */,
				2D1BC9AD1E5AA615000D5CB7 /* Sources */,
				2D1BC9AE1E5AA615000D5CB7 /* Frameworks */,
				2D1BC9AF1E5AA615000D5CB7 /* Resources */,
				918751C155D67AE1C24F08D7 /* [CP] Embed Pods Frameworks */,
				F54F3CC419880CC483156684 /* [CP] Copy Pods Resources */,
			);
			buildRules = (
			);
			dependencies = (
				2D1BC9B31E5AA615000D5CB7 /* PBXTargetDependency */,
			);
			name = "Mobile ARTests";
			productName = "Mobile ARTests";
			productReference = 2D1BC9B11E5AA615000D5CB7 /* Mobile ARTests.xctest */;
			productType = "com.apple.product-type.bundle.unit-test";
		};
		2D1BC9BB1E5AA615000D5CB7 /* Mobile ARUITests */ = {
			isa = PBXNativeTarget;
			buildConfigurationList = 2D1BC9CB1E5AA615000D5CB7 /* Build configuration list for PBXNativeTarget "Mobile ARUITests" */;
			buildPhases = (
				4A22AA551412C1BAE960F222 /* [CP] Check Pods Manifest.lock */,
				2D1BC9B81E5AA615000D5CB7 /* Sources */,
				2D1BC9B91E5AA615000D5CB7 /* Frameworks */,
				2D1BC9BA1E5AA615000D5CB7 /* Resources */,
				7DF59263B828581811741AB3 /* [CP] Embed Pods Frameworks */,
				6CF323B3B66AE6748C4414AD /* [CP] Copy Pods Resources */,
			);
			buildRules = (
			);
			dependencies = (
				2D1BC9BE1E5AA615000D5CB7 /* PBXTargetDependency */,
			);
			name = "Mobile ARUITests";
			productName = "Mobile ARUITests";
			productReference = 2D1BC9BC1E5AA615000D5CB7 /* Mobile ARUITests.xctest */;
			productType = "com.apple.product-type.bundle.ui-testing";
		};
/* End PBXNativeTarget section */

/* Begin PBXProject section */
		2D1BC9901E5AA614000D5CB7 /* Project object */ = {
			isa = PBXProject;
			attributes = {
				LastUpgradeCheck = 0820;
				ORGANIZATIONNAME = "Jean-Pierre Digital";
				TargetAttributes = {
					2D1BC9971E5AA614000D5CB7 = {
						CreatedOnToolsVersion = 7.3.1;
						DevelopmentTeam = 6G559H2L26;
						LastSwiftMigration = 0820;
					};
					2D1BC9B01E5AA615000D5CB7 = {
						CreatedOnToolsVersion = 7.3.1;
						LastSwiftMigration = 0820;
						TestTargetID = 2D1BC9971E5AA614000D5CB7;
					};
					2D1BC9BB1E5AA615000D5CB7 = {
						CreatedOnToolsVersion = 7.3.1;
						LastSwiftMigration = 0820;
						TestTargetID = 2D1BC9971E5AA614000D5CB7;
					};
				};
			};
			buildConfigurationList = 2D1BC9931E5AA614000D5CB7 /* Build configuration list for PBXProject "Mobile AR" */;
			compatibilityVersion = "Xcode 3.2";
			developmentRegion = English;
			hasScannedForEncodings = 0;
			knownRegions = (
				en,
				Base,
			);
			mainGroup = 2D1BC98F1E5AA614000D5CB7;
			productRefGroup = 2D1BC9991E5AA614000D5CB7 /* Products */;
			projectDirPath = "";
			projectRoot = "";
			targets = (
				2D1BC9971E5AA614000D5CB7 /* Mobile AR */,
				2D1BC9B01E5AA615000D5CB7 /* Mobile ARTests */,
				2D1BC9BB1E5AA615000D5CB7 /* Mobile ARUITests */,
			);
		};
/* End PBXProject section */

/* Begin PBXResourcesBuildPhase section */
		2D1BC9961E5AA614000D5CB7 /* Resources */ = {
			isa = PBXResourcesBuildPhase;
			buildActionMask = 2147483647;
			files = (
				2D1BC9AB1E5AA614000D5CB7 /* LaunchScreen.storyboard in Resources */,
				2D249B6B1E5AA88500FA012F /* SimpleFragment.glsl in Resources */,
				2DC9F7B11E5AB3110076F562 /* CGPoint_Extensions.h in Resources */,
				2D249B6E1E5AA88500FA012F /* SimpleVertex.glsl in Resources */,
				2D1BC9A81E5AA614000D5CB7 /* Assets.xcassets in Resources */,
				2D1BC9A61E5AA614000D5CB7 /* Main.storyboard in Resources */,
			);
			runOnlyForDeploymentPostprocessing = 0;
		};
		2D1BC9AF1E5AA615000D5CB7 /* Resources */ = {
			isa = PBXResourcesBuildPhase;
			buildActionMask = 2147483647;
			files = (
				2D249B6C1E5AA88500FA012F /* SimpleFragment.glsl in Resources */,
				2D249B6F1E5AA88500FA012F /* SimpleVertex.glsl in Resources */,
				2DC9F7B21E5AB3110076F562 /* CGPoint_Extensions.h in Resources */,
			);
			runOnlyForDeploymentPostprocessing = 0;
		};
		2D1BC9BA1E5AA615000D5CB7 /* Resources */ = {
			isa = PBXResourcesBuildPhase;
			buildActionMask = 2147483647;
			files = (
				2D249B6D1E5AA88500FA012F /* SimpleFragment.glsl in Resources */,
				2D249B701E5AA88500FA012F /* SimpleVertex.glsl in Resources */,
				2DC9F7B31E5AB3110076F562 /* CGPoint_Extensions.h in Resources */,
			);
			runOnlyForDeploymentPostprocessing = 0;
		};
/* End PBXResourcesBuildPhase section */

/* Begin PBXShellScriptBuildPhase section */
		4A22AA551412C1BAE960F222 /* [CP] Check Pods Manifest.lock */ = {
			isa = PBXShellScriptBuildPhase;
			buildActionMask = 2147483647;
			files = (
			);
			inputPaths = (
			);
			name = "[CP] Check Pods Manifest.lock";
			outputPaths = (
			);
			runOnlyForDeploymentPostprocessing = 0;
			shellPath = /bin/sh;
			shellScript = "diff \"${PODS_ROOT}/../Podfile.lock\" \"${PODS_ROOT}/Manifest.lock\" > /dev/null\nif [ $? != 0 ] ; then\n    # print error to STDERR\n    echo \"error: The sandbox is not in sync with the Podfile.lock. Run 'pod install' or update your CocoaPods installation.\" >&2\n    exit 1\nfi\n";
			showEnvVarsInLog = 0;
		};
		4D2A12CD8F2029FBFB37F3AC /* [CP] Embed Pods Frameworks */ = {
			isa = PBXShellScriptBuildPhase;
			buildActionMask = 2147483647;
			files = (
			);
			inputPaths = (
			);
			name = "[CP] Embed Pods Frameworks";
			outputPaths = (
			);
			runOnlyForDeploymentPostprocessing = 0;
			shellPath = /bin/sh;
			shellScript = "\"${SRCROOT}/Pods/Target Support Files/Pods-Mobile AR/Pods-Mobile AR-frameworks.sh\"\n";
			showEnvVarsInLog = 0;
		};
		6C3E2B808A02A353F2729661 /* [CP] Copy Pods Resources */ = {
			isa = PBXShellScriptBuildPhase;
			buildActionMask = 2147483647;
			files = (
			);
			inputPaths = (
			);
			name = "[CP] Copy Pods Resources";
			outputPaths = (
			);
			runOnlyForDeploymentPostprocessing = 0;
			shellPath = /bin/sh;
			shellScript = "\"${SRCROOT}/Pods/Target Support Files/Pods-Mobile AR/Pods-Mobile AR-resources.sh\"\n";
			showEnvVarsInLog = 0;
		};
		6CF323B3B66AE6748C4414AD /* [CP] Copy Pods Resources */ = {
			isa = PBXShellScriptBuildPhase;
			buildActionMask = 2147483647;
			files = (
			);
			inputPaths = (
			);
			name = "[CP] Copy Pods Resources";
			outputPaths = (
			);
			runOnlyForDeploymentPostprocessing = 0;
			shellPath = /bin/sh;
			shellScript = "\"${SRCROOT}/Pods/Target Support Files/Pods-Mobile ARUITests/Pods-Mobile ARUITests-resources.sh\"\n";
			showEnvVarsInLog = 0;
		};
		7DF59263B828581811741AB3 /* [CP] Embed Pods Frameworks */ = {
			isa = PBXShellScriptBuildPhase;
			buildActionMask = 2147483647;
			files = (
			);
			inputPaths = (
			);
			name = "[CP] Embed Pods Frameworks";
			outputPaths = (
			);
			runOnlyForDeploymentPostprocessing = 0;
			shellPath = /bin/sh;
			shellScript = "\"${SRCROOT}/Pods/Target Support Files/Pods-Mobile ARUITests/Pods-Mobile ARUITests-frameworks.sh\"\n";
			showEnvVarsInLog = 0;
		};
		82235705AECDC1AA46111687 /* [CP] Check Pods Manifest.lock */ = {
			isa = PBXShellScriptBuildPhase;
			buildActionMask = 2147483647;
			files = (
			);
			inputPaths = (
			);
			name = "[CP] Check Pods Manifest.lock";
			outputPaths = (
			);
			runOnlyForDeploymentPostprocessing = 0;
			shellPath = /bin/sh;
			shellScript = "diff \"${PODS_ROOT}/../Podfile.lock\" \"${PODS_ROOT}/Manifest.lock\" > /dev/null\nif [ $? != 0 ] ; then\n    # print error to STDERR\n    echo \"error: The sandbox is not in sync with the Podfile.lock. Run 'pod install' or update your CocoaPods installation.\" >&2\n    exit 1\nfi\n";
			showEnvVarsInLog = 0;
		};
		918751C155D67AE1C24F08D7 /* [CP] Embed Pods Frameworks */ = {
			isa = PBXShellScriptBuildPhase;
			buildActionMask = 2147483647;
			files = (
			);
			inputPaths = (
			);
			name = "[CP] Embed Pods Frameworks";
			outputPaths = (
			);
			runOnlyForDeploymentPostprocessing = 0;
			shellPath = /bin/sh;
			shellScript = "\"${SRCROOT}/Pods/Target Support Files/Pods-Mobile ARTests/Pods-Mobile ARTests-frameworks.sh\"\n";
			showEnvVarsInLog = 0;
		};
		9AA6887FD33CEECADE591E71 /* [CP] Check Pods Manifest.lock */ = {
			isa = PBXShellScriptBuildPhase;
			buildActionMask = 2147483647;
			files = (
			);
			inputPaths = (
			);
			name = "[CP] Check Pods Manifest.lock";
			outputPaths = (
			);
			runOnlyForDeploymentPostprocessing = 0;
			shellPath = /bin/sh;
			shellScript = "diff \"${PODS_ROOT}/../Podfile.lock\" \"${PODS_ROOT}/Manifest.lock\" > /dev/null\nif [ $? != 0 ] ; then\n    # print error to STDERR\n    echo \"error: The sandbox is not in sync with the Podfile.lock. Run 'pod install' or update your CocoaPods installation.\" >&2\n    exit 1\nfi\n";
			showEnvVarsInLog = 0;
		};
		F54F3CC419880CC483156684 /* [CP] Copy Pods Resources */ = {
			isa = PBXShellScriptBuildPhase;
			buildActionMask = 2147483647;
			files = (
			);
			inputPaths = (
			);
			name = "[CP] Copy Pods Resources";
			outputPaths = (
			);
			runOnlyForDeploymentPostprocessing = 0;
			shellPath = /bin/sh;
			shellScript = "\"${SRCROOT}/Pods/Target Support Files/Pods-Mobile ARTests/Pods-Mobile ARTests-resources.sh\"\n";
			showEnvVarsInLog = 0;
		};
/* End PBXShellScriptBuildPhase section */

/* Begin PBXSourcesBuildPhase section */
		2D1BC9941E5AA614000D5CB7 /* Sources */ = {
			isa = PBXSourcesBuildPhase;
			buildActionMask = 2147483647;
			files = (
				2D249B7A1E5AA88500FA012F /* BoxView.m in Sources */,
				2D249B651E5AA88500FA012F /* CC3Kazmath.c in Sources */,
				2D1BC9A01E5AA614000D5CB7 /* AppDelegate.m in Sources */,
				2D249B5F1E5AA88500FA012F /* CC3Foundation.m in Sources */,
				2D249B741E5AA88500FA012F /* CaptureViewController.swift in Sources */,
				2D249B621E5AA88500FA012F /* CC3GLMatrix.m in Sources */,
				2D249B681E5AA88500FA012F /* CC3Math.m in Sources */,
				2D1BC99D1E5AA614000D5CB7 /* main.m in Sources */,
				2D249B711E5AA88500FA012F /* CameraViewController.mm in Sources */,
			);
			runOnlyForDeploymentPostprocessing = 0;
		};
		2D1BC9AD1E5AA615000D5CB7 /* Sources */ = {
			isa = PBXSourcesBuildPhase;
			buildActionMask = 2147483647;
			files = (
				2D249B7B1E5AA88500FA012F /* BoxView.m in Sources */,
				2D249B601E5AA88500FA012F /* CC3Foundation.m in Sources */,
				2D1BC9B61E5AA615000D5CB7 /* Mobile_ARTests.m in Sources */,
				2D249B751E5AA88500FA012F /* CaptureViewController.swift in Sources */,
				2D249B661E5AA88500FA012F /* CC3Kazmath.c in Sources */,
				2D249B691E5AA88500FA012F /* CC3Math.m in Sources */,
				2D249B631E5AA88500FA012F /* CC3GLMatrix.m in Sources */,
				2D249B721E5AA88500FA012F /* CameraViewController.mm in Sources */,
			);
			runOnlyForDeploymentPostprocessing = 0;
		};
		2D1BC9B81E5AA615000D5CB7 /* Sources */ = {
			isa = PBXSourcesBuildPhase;
			buildActionMask = 2147483647;
			files = (
				2D249B7C1E5AA88500FA012F /* BoxView.m in Sources */,
				2D249B611E5AA88500FA012F /* CC3Foundation.m in Sources */,
				2D1BC9C11E5AA615000D5CB7 /* Mobile_ARUITests.m in Sources */,
				2D249B761E5AA88500FA012F /* CaptureViewController.swift in Sources */,
				2D249B671E5AA88500FA012F /* CC3Kazmath.c in Sources */,
				2D249B6A1E5AA88500FA012F /* CC3Math.m in Sources */,
				2D249B641E5AA88500FA012F /* CC3GLMatrix.m in Sources */,
				2D249B731E5AA88500FA012F /* CameraViewController.mm in Sources */,
			);
			runOnlyForDeploymentPostprocessing = 0;
		};
/* End PBXSourcesBuildPhase section */

/* Begin PBXTargetDependency section */
		2D1BC9B31E5AA615000D5CB7 /* PBXTargetDependency */ = {
			isa = PBXTargetDependency;
			target = 2D1BC9971E5AA614000D5CB7 /* Mobile AR */;
			targetProxy = 2D1BC9B21E5AA615000D5CB7 /* PBXContainerItemProxy */;
		};
		2D1BC9BE1E5AA615000D5CB7 /* PBXTargetDependency */ = {
			isa = PBXTargetDependency;
			target = 2D1BC9971E5AA614000D5CB7 /* Mobile AR */;
			targetProxy = 2D1BC9BD1E5AA615000D5CB7 /* PBXContainerItemProxy */;
		};
/* End PBXTargetDependency section */

/* Begin PBXVariantGroup section */
		2D1BC9A41E5AA614000D5CB7 /* Main.storyboard */ = {
			isa = PBXVariantGroup;
			children = (
				2D1BC9A51E5AA614000D5CB7 /* Base */,
			);
			name = Main.storyboard;
			sourceTree = "<group>";
		};
		2D1BC9A91E5AA614000D5CB7 /* LaunchScreen.storyboard */ = {
			isa = PBXVariantGroup;
			children = (
				2D1BC9AA1E5AA614000D5CB7 /* Base */,
			);
			name = LaunchScreen.storyboard;
			sourceTree = "<group>";
		};
/* End PBXVariantGroup section */

/* Begin XCBuildConfiguration section */
		2D1BC9C31E5AA615000D5CB7 /* Debug */ = {
			isa = XCBuildConfiguration;
			buildSettings = {
				ALWAYS_SEARCH_USER_PATHS = NO;
				CLANG_ANALYZER_NONNULL = YES;
				CLANG_CXX_LANGUAGE_STANDARD = "gnu++0x";
				CLANG_CXX_LIBRARY = "libc++";
				CLANG_ENABLE_MODULES = YES;
				CLANG_ENABLE_OBJC_ARC = YES;
				CLANG_WARN_BOOL_CONVERSION = YES;
				CLANG_WARN_CONSTANT_CONVERSION = YES;
				CLANG_WARN_DIRECT_OBJC_ISA_USAGE = YES_ERROR;
				CLANG_WARN_EMPTY_BODY = YES;
				CLANG_WARN_ENUM_CONVERSION = YES;
				CLANG_WARN_INFINITE_RECURSION = YES;
				CLANG_WARN_INT_CONVERSION = YES;
				CLANG_WARN_OBJC_ROOT_CLASS = YES_ERROR;
				CLANG_WARN_SUSPICIOUS_MOVE = YES;
				CLANG_WARN_UNREACHABLE_CODE = YES;
				CLANG_WARN__DUPLICATE_METHOD_MATCH = YES;
				"CODE_SIGN_IDENTITY[sdk=iphoneos*]" = "iPhone Developer";
				COPY_PHASE_STRIP = NO;
				DEBUG_INFORMATION_FORMAT = dwarf;
				ENABLE_STRICT_OBJC_MSGSEND = YES;
				ENABLE_TESTABILITY = YES;
				GCC_C_LANGUAGE_STANDARD = gnu99;
				GCC_DYNAMIC_NO_PIC = NO;
				GCC_NO_COMMON_BLOCKS = YES;
				GCC_OPTIMIZATION_LEVEL = 0;
				GCC_PREPROCESSOR_DEFINITIONS = (
					"DEBUG=1",
					"$(inherited)",
				);
				GCC_WARN_64_TO_32_BIT_CONVERSION = YES;
				GCC_WARN_ABOUT_RETURN_TYPE = YES_ERROR;
				GCC_WARN_UNDECLARED_SELECTOR = YES;
				GCC_WARN_UNINITIALIZED_AUTOS = YES_AGGRESSIVE;
				GCC_WARN_UNUSED_FUNCTION = YES;
				GCC_WARN_UNUSED_VARIABLE = YES;
				IPHONEOS_DEPLOYMENT_TARGET = 9.3;
				MTL_ENABLE_DEBUG_INFO = YES;
				ONLY_ACTIVE_ARCH = YES;
				SDKROOT = iphoneos;
				SWIFT_VERSION = 3.0;
			};
			name = Debug;
		};
		2D1BC9C41E5AA615000D5CB7 /* Release */ = {
			isa = XCBuildConfiguration;
			buildSettings = {
				ALWAYS_SEARCH_USER_PATHS = NO;
				CLANG_ANALYZER_NONNULL = YES;
				CLANG_CXX_LANGUAGE_STANDARD = "gnu++0x";
				CLANG_CXX_LIBRARY = "libc++";
				CLANG_ENABLE_MODULES = YES;
				CLANG_ENABLE_OBJC_ARC = YES;
				CLANG_WARN_BOOL_CONVERSION = YES;
				CLANG_WARN_CONSTANT_CONVERSION = YES;
				CLANG_WARN_DIRECT_OBJC_ISA_USAGE = YES_ERROR;
				CLANG_WARN_EMPTY_BODY = YES;
				CLANG_WARN_ENUM_CONVERSION = YES;
				CLANG_WARN_INFINITE_RECURSION = YES;
				CLANG_WARN_INT_CONVERSION = YES;
				CLANG_WARN_OBJC_ROOT_CLASS = YES_ERROR;
				CLANG_WARN_SUSPICIOUS_MOVE = YES;
				CLANG_WARN_UNREACHABLE_CODE = YES;
				CLANG_WARN__DUPLICATE_METHOD_MATCH = YES;
				"CODE_SIGN_IDENTITY[sdk=iphoneos*]" = "iPhone Developer";
				COPY_PHASE_STRIP = NO;
				DEBUG_INFORMATION_FORMAT = "dwarf-with-dsym";
				ENABLE_NS_ASSERTIONS = NO;
				ENABLE_STRICT_OBJC_MSGSEND = YES;
				GCC_C_LANGUAGE_STANDARD = gnu99;
				GCC_NO_COMMON_BLOCKS = YES;
				GCC_WARN_64_TO_32_BIT_CONVERSION = YES;
				GCC_WARN_ABOUT_RETURN_TYPE = YES_ERROR;
				GCC_WARN_UNDECLARED_SELECTOR = YES;
				GCC_WARN_UNINITIALIZED_AUTOS = YES_AGGRESSIVE;
				GCC_WARN_UNUSED_FUNCTION = YES;
				GCC_WARN_UNUSED_VARIABLE = YES;
				IPHONEOS_DEPLOYMENT_TARGET = 9.3;
				MTL_ENABLE_DEBUG_INFO = NO;
				SDKROOT = iphoneos;
				SWIFT_OPTIMIZATION_LEVEL = "-Owholemodule";
				SWIFT_VERSION = 3.0;
				VALIDATE_PRODUCT = YES;
			};
			name = Release;
		};
		2D1BC9C61E5AA615000D5CB7 /* Debug */ = {
			isa = XCBuildConfiguration;
			baseConfigurationReference = 30F068E12F312BB53E129EBA /* Pods-Mobile AR.debug.xcconfig */;
			buildSettings = {
				ASSETCATALOG_COMPILER_APPICON_NAME = AppIcon;
				DEVELOPMENT_TEAM = 6G559H2L26;
				FRAMEWORK_SEARCH_PATHS = (
					"$(inherited)",
					"$(PROJECT_DIR)",
				);
				INFOPLIST_FILE = "Mobile AR/Info.plist";
				IPHONEOS_DEPLOYMENT_TARGET = 9.1;
				LD_RUNPATH_SEARCH_PATHS = "$(inherited) @executable_path/Frameworks";
				PRODUCT_BUNDLE_IDENTIFIER = "com.jean-pierredigital.Mobile-AR";
				PRODUCT_NAME = "$(TARGET_NAME)";
				SWIFT_VERSION = 3.0;
			};
			name = Debug;
		};
		2D1BC9C71E5AA615000D5CB7 /* Release */ = {
			isa = XCBuildConfiguration;
			baseConfigurationReference = EBF64208BF72C5639C48046C /* Pods-Mobile AR.release.xcconfig */;
			buildSettings = {
				ASSETCATALOG_COMPILER_APPICON_NAME = AppIcon;
				DEVELOPMENT_TEAM = 6G559H2L26;
				FRAMEWORK_SEARCH_PATHS = (
					"$(inherited)",
					"$(PROJECT_DIR)",
				);
				INFOPLIST_FILE = "Mobile AR/Info.plist";
				IPHONEOS_DEPLOYMENT_TARGET = 9.1;
				LD_RUNPATH_SEARCH_PATHS = "$(inherited) @executable_path/Frameworks";
				PRODUCT_BUNDLE_IDENTIFIER = "com.jean-pierredigital.Mobile-AR";
				PRODUCT_NAME = "$(TARGET_NAME)";
				SWIFT_VERSION = 3.0;
			};
			name = Release;
		};
		2D1BC9C91E5AA615000D5CB7 /* Debug */ = {
			isa = XCBuildConfiguration;
			baseConfigurationReference = C5983C2C0F22FC3D71D47FA6 /* Pods-Mobile ARTests.debug.xcconfig */;
			buildSettings = {
				BUNDLE_LOADER = "$(TEST_HOST)";
				FRAMEWORK_SEARCH_PATHS = (
					"$(inherited)",
					"$(PROJECT_DIR)",
				);
				INFOPLIST_FILE = "Mobile ARTests/Info.plist";
				LD_RUNPATH_SEARCH_PATHS = "$(inherited) @executable_path/Frameworks @loader_path/Frameworks";
				PRODUCT_BUNDLE_IDENTIFIER = "com.jean-pierredigital.Mobile-ARTests";
				PRODUCT_NAME = "$(TARGET_NAME)";
				SWIFT_VERSION = 3.0;
				TEST_HOST = "$(BUILT_PRODUCTS_DIR)/Mobile AR.app/Mobile AR";
			};
			name = Debug;
		};
		2D1BC9CA1E5AA615000D5CB7 /* Release */ = {
			isa = XCBuildConfiguration;
			baseConfigurationReference = 29CEF9386A2074B6CE0F4A55 /* Pods-Mobile ARTests.release.xcconfig */;
			buildSettings = {
				BUNDLE_LOADER = "$(TEST_HOST)";
				FRAMEWORK_SEARCH_PATHS = (
					"$(inherited)",
					"$(PROJECT_DIR)",
				);
				INFOPLIST_FILE = "Mobile ARTests/Info.plist";
				LD_RUNPATH_SEARCH_PATHS = "$(inherited) @executable_path/Frameworks @loader_path/Frameworks";
				PRODUCT_BUNDLE_IDENTIFIER = "com.jean-pierredigital.Mobile-ARTests";
				PRODUCT_NAME = "$(TARGET_NAME)";
				SWIFT_VERSION = 3.0;
				TEST_HOST = "$(BUILT_PRODUCTS_DIR)/Mobile AR.app/Mobile AR";
			};
			name = Release;
		};
		2D1BC9CC1E5AA615000D5CB7 /* Debug */ = {
			isa = XCBuildConfiguration;
			baseConfigurationReference = DDFD10904B8BE0099BB70C58 /* Pods-Mobile ARUITests.debug.xcconfig */;
			buildSettings = {
				FRAMEWORK_SEARCH_PATHS = (
					"$(inherited)",
					"$(PROJECT_DIR)",
				);
				INFOPLIST_FILE = "Mobile ARUITests/Info.plist";
				LD_RUNPATH_SEARCH_PATHS = "$(inherited) @executable_path/Frameworks @loader_path/Frameworks";
				PRODUCT_BUNDLE_IDENTIFIER = "com.jean-pierredigital.Mobile-ARUITests";
				PRODUCT_NAME = "$(TARGET_NAME)";
				SWIFT_VERSION = 3.0;
				TEST_TARGET_NAME = "Mobile AR";
			};
			name = Debug;
		};
		2D1BC9CD1E5AA615000D5CB7 /* Release */ = {
			isa = XCBuildConfiguration;
			baseConfigurationReference = B20B0EFB42ECD24B0B682BE2 /* Pods-Mobile ARUITests.release.xcconfig */;
			buildSettings = {
				FRAMEWORK_SEARCH_PATHS = (
					"$(inherited)",
					"$(PROJECT_DIR)",
				);
				INFOPLIST_FILE = "Mobile ARUITests/Info.plist";
				LD_RUNPATH_SEARCH_PATHS = "$(inherited) @executable_path/Frameworks @loader_path/Frameworks";
				PRODUCT_BUNDLE_IDENTIFIER = "com.jean-pierredigital.Mobile-ARUITests";
				PRODUCT_NAME = "$(TARGET_NAME)";
				SWIFT_VERSION = 3.0;
				TEST_TARGET_NAME = "Mobile AR";
			};
			name = Release;
		};
/* End XCBuildConfiguration section */

/* Begin XCConfigurationList section */
		2D1BC9931E5AA614000D5CB7 /* Build configuration list for PBXProject "Mobile AR" */ = {
			isa = XCConfigurationList;
			buildConfigurations = (
				2D1BC9C31E5AA615000D5CB7 /* Debug */,
				2D1BC9C41E5AA615000D5CB7 /* Release */,
			);
			defaultConfigurationIsVisible = 0;
			defaultConfigurationName = Release;
		};
		2D1BC9C51E5AA615000D5CB7 /* Build configuration list for PBXNativeTarget "Mobile AR" */ = {
			isa = XCConfigurationList;
			buildConfigurations = (
				2D1BC9C61E5AA615000D5CB7 /* Debug */,
				2D1BC9C71E5AA615000D5CB7 /* Release */,
			);
			defaultConfigurationIsVisible = 0;
			defaultConfigurationName = Release;
		};
		2D1BC9C81E5AA615000D5CB7 /* Build configuration list for PBXNativeTarget "Mobile ARTests" */ = {
			isa = XCConfigurationList;
			buildConfigurations = (
				2D1BC9C91E5AA615000D5CB7 /* Debug */,
				2D1BC9CA1E5AA615000D5CB7 /* Release */,
			);
			defaultConfigurationIsVisible = 0;
			defaultConfigurationName = Release;
		};
		2D1BC9CB1E5AA615000D5CB7 /* Build configuration list for PBXNativeTarget "Mobile ARUITests" */ = {
			isa = XCConfigurationList;
			buildConfigurations = (
				2D1BC9CC1E5AA615000D5CB7 /* Debug */,
				2D1BC9CD1E5AA615000D5CB7 /* Release */,
			);
			defaultConfigurationIsVisible = 0;
			defaultConfigurationName = Release;
		};
/* End XCConfigurationList section */
	};
	rootObject = 2D1BC9901E5AA614000D5CB7 /* Project object */;
}
